
Microsoft Visual Studio Solution File, Format Version 12.00
# Visual Studio Version 16
VisualStudioVersion = 16.0.31624.102
MinimumVisualStudioVersion = 10.0.40219.1
Project("{FAE04EC0-301F-11D3-BF4B-00C04F79EFBC}") = "ReviewAPI", "ReviewAPI.csproj", "{5E67B2CF-42E8-4726-B65D-0B14BE3BE957}"
EndProject
Global
	GlobalSection(SolutionConfigurationPlatforms) = preSolution
		Debug|Any CPU = Debug|Any CPU
		Release|Any CPU = Release|Any CPU
	EndGlobalSection
	GlobalSection(ProjectConfigurationPlatforms) = postSolution
		{5E67B2CF-42E8-4726-B65D-0B14BE3BE957}.Debug|Any CPU.ActiveCfg = Debug|Any CPU
		{5E67B2CF-42E8-4726-B65D-0B14BE3BE957}.Debug|Any CPU.Build.0 = Debug|Any CPU
		{5E67B2CF-42E8-4726-B65D-0B14BE3BE957}.Release|Any CPU.ActiveCfg = Release|Any CPU
		{5E67B2CF-42E8-4726-B65D-0B14BE3BE957}.Release|Any CPU.Build.0 = Release|Any CPU
	EndGlobalSection
	GlobalSection(SolutionProperties) = preSolution
		HideSolutionNode = FALSE
	EndGlobalSection
	GlobalSection(ExtensibilityGlobals) = postSolution
		SolutionGuid = {259AE67D-8B3D-4C1E-BE1E-CDF1FC7CD60B}
	EndGlobalSection
EndGlobal
